
Microsoft Visual Studio Solution File, Format Version 12.00
# Visual Studio 2013
VisualStudioVersion = 12.0.21005.1
MinimumVisualStudioVersion = 10.0.40219.1
Project("{E24C65DC-7377-472B-9ABA-BC803B73C61A}") = "WebSite4", "http://localhost:61484", "{FE8533D9-7F28-49C2-AA5D-2AC3F02CA53E}"
	ProjectSection(WebsiteProperties) = preProject
		UseIISExpress = "true"
		TargetFrameworkMoniker = ".NETFramework,Version%3Dv4.5"
		Debug.AspNetCompiler.VirtualPath = "/localhost_61484"
		Debug.AspNetCompiler.PhysicalPath = "..\..\WebSites\WebSite4\"
		Debug.AspNetCompiler.TargetPath = "PrecompiledWeb\localhost_61484\"
		Debug.AspNetCompiler.Updateable = "true"
		Debug.AspNetCompiler.ForceOverwrite = "true"
		Debug.AspNetCompiler.FixedNames = "false"
		Debug.AspNetCompiler.Debug = "True"
		Release.AspNetCompiler.VirtualPath = "/localhost_61484"
		Release.AspNetCompiler.PhysicalPath = "..\..\WebSites\WebSite4\"
		Release.AspNetCompiler.TargetPath = "PrecompiledWeb\localhost_61484\"
		Release.AspNetCompiler.Updateable = "true"
		Release.AspNetCompiler.ForceOverwrite = "true"
		Release.AspNetCompiler.FixedNames = "false"
		Release.AspNetCompiler.Debug = "False"
		SlnRelativePath = "..\..\WebSites\WebSite4\"
		DefaultWebSiteLanguage = "Visual C#"
	EndProjectSection
EndProject
Global
	GlobalSection(SolutionConfigurationPlatforms) = preSolution
		Debug|Any CPU = Debug|Any CPU
		Debug|x64 = Debug|x64
	EndGlobalSection
	GlobalSection(ProjectConfigurationPlatforms) = postSolution
		{FE8533D9-7F28-49C2-AA5D-2AC3F02CA53E}.Debug|Any CPU.ActiveCfg = Debug|Any CPU
		{FE8533D9-7F28-49C2-AA5D-2AC3F02CA53E}.Debug|Any CPU.Build.0 = Debug|Any CPU
		{FE8533D9-7F28-49C2-AA5D-2AC3F02CA53E}.Debug|x64.ActiveCfg = Debug|Any CPU
		{FE8533D9-7F28-49C2-AA5D-2AC3F02CA53E}.Debug|x64.Build.0 = Debug|Any CPU
	EndGlobalSection
	GlobalSection(SolutionProperties) = preSolution
		HideSolutionNode = FALSE
	EndGlobalSection
EndGlobal
